// !$*UTF8*$!
{
	archiveVersion = 1;
	classes = {
	};
	objectVersion = 53;
	objects = {

/* Begin PBXBuildFile section */
		5E09B396252F19BB009F8D2B /* BasketInListView.swift in Sources */ = {isa = PBXBuildFile; fileRef = 5E09B395252F19BB009F8D2B /* BasketInListView.swift */; };
		5E09B399252F2464009F8D2B /* BasketButtonView.swift in Sources */ = {isa = PBXBuildFile; fileRef = 5E09B398252F2463009F8D2B /* BasketButtonView.swift */; };
		5E09B39C252F287C009F8D2B /* BasketDetailView.swift in Sources */ = {isa = PBXBuildFile; fileRef = 5E09B39B252F287C009F8D2B /* BasketDetailView.swift */; };
		5E09B39F252F3D72009F8D2B /* ProductDetailView.swift in Sources */ = {isa = PBXBuildFile; fileRef = 5E09B39E252F3D72009F8D2B /* ProductDetailView.swift */; };
		5EDB4D89252C66E400339011 /* BasketViewModel.swift in Sources */ = {isa = PBXBuildFile; fileRef = 5EDB4D88252C66E400339011 /* BasketViewModel.swift */; };
		5EDB4D8C252C685700339011 /* BasketModel.swift in Sources */ = {isa = PBXBuildFile; fileRef = 5EDB4D8B252C685700339011 /* BasketModel.swift */; };
		5EF64F8F25306EA8000E8E8F /* BasketInDetailView.swift in Sources */ = {isa = PBXBuildFile; fileRef = 5EF64F8E25306EA8000E8E8F /* BasketInDetailView.swift */; };
		B4130B2025278FEF00AC9CD5 /* AppDelegate.swift in Sources */ = {isa = PBXBuildFile; fileRef = B4130B1F25278FEF00AC9CD5 /* AppDelegate.swift */; };
		B4130B2225278FEF00AC9CD5 /* SceneDelegate.swift in Sources */ = {isa = PBXBuildFile; fileRef = B4130B2125278FEF00AC9CD5 /* SceneDelegate.swift */; };
		B4130B2425278FEF00AC9CD5 /* ContentView.swift in Sources */ = {isa = PBXBuildFile; fileRef = B4130B2325278FEF00AC9CD5 /* ContentView.swift */; };
		B4130B2625278FF000AC9CD5 /* Assets.xcassets in Resources */ = {isa = PBXBuildFile; fileRef = B4130B2525278FF000AC9CD5 /* Assets.xcassets */; };
		B4130B2925278FF000AC9CD5 /* Preview Assets.xcassets in Resources */ = {isa = PBXBuildFile; fileRef = B4130B2825278FF000AC9CD5 /* Preview Assets.xcassets */; };
		B4130B2C25278FF000AC9CD5 /* LaunchScreen.storyboard in Resources */ = {isa = PBXBuildFile; fileRef = B4130B2A25278FF000AC9CD5 /* LaunchScreen.storyboard */; };
		B4130B462527936F00AC9CD5 /* JSONModel.swift in Sources */ = {isa = PBXBuildFile; fileRef = B4130B452527936F00AC9CD5 /* JSONModel.swift */; };
		B4130B492527973E00AC9CD5 /* JSONViewModel.swift in Sources */ = {isa = PBXBuildFile; fileRef = B4130B482527973E00AC9CD5 /* JSONViewModel.swift */; };
		B420C4492528E3CC003769DD /* ProductListView.swift in Sources */ = {isa = PBXBuildFile; fileRef = B420C4482528E3CC003769DD /* ProductListView.swift */; };
		B420C44C2528E481003769DD /* ProductItemView.swift in Sources */ = {isa = PBXBuildFile; fileRef = B420C44B2528E481003769DD /* ProductItemView.swift */; };
		B497827B252A3B1A00DEA19A /* UrlImageView.swift in Sources */ = {isa = PBXBuildFile; fileRef = B497827A252A3B1A00DEA19A /* UrlImageView.swift */; };
		B4978280252A4C0D00DEA19A /* SearchBarView.swift in Sources */ = {isa = PBXBuildFile; fileRef = B497827F252A4C0D00DEA19A /* SearchBarView.swift */; };
		B4D461D82528EF9E002D2B03 /* UrlImageModel.swift in Sources */ = {isa = PBXBuildFile; fileRef = B4D461D72528EF9E002D2B03 /* UrlImageModel.swift */; };
/* End PBXBuildFile section */

/* Begin PBXFileReference section */
		5E09B395252F19BB009F8D2B /* BasketInListView.swift */ = {isa = PBXFileReference; lastKnownFileType = sourcecode.swift; path = BasketInListView.swift; sourceTree = "<group>"; };
		5E09B398252F2463009F8D2B /* BasketButtonView.swift */ = {isa = PBXFileReference; lastKnownFileType = sourcecode.swift; path = BasketButtonView.swift; sourceTree = "<group>"; };
		5E09B39B252F287C009F8D2B /* BasketDetailView.swift */ = {isa = PBXFileReference; lastKnownFileType = sourcecode.swift; path = BasketDetailView.swift; sourceTree = "<group>"; };
		5E09B39E252F3D72009F8D2B /* ProductDetailView.swift */ = {isa = PBXFileReference; lastKnownFileType = sourcecode.swift; path = ProductDetailView.swift; sourceTree = "<group>"; };
		5EDB4D88252C66E400339011 /* BasketViewModel.swift */ = {isa = PBXFileReference; lastKnownFileType = sourcecode.swift; path = BasketViewModel.swift; sourceTree = "<group>"; };
		5EDB4D8B252C685700339011 /* BasketModel.swift */ = {isa = PBXFileReference; lastKnownFileType = sourcecode.swift; path = BasketModel.swift; sourceTree = "<group>"; };
		5EF64F8E25306EA8000E8E8F /* BasketInDetailView.swift */ = {isa = PBXFileReference; lastKnownFileType = sourcecode.swift; path = BasketInDetailView.swift; sourceTree = "<group>"; };
		B4130B1C25278FEF00AC9CD5 /* Redsoft. Initial contest..app */ = {isa = PBXFileReference; explicitFileType = wrapper.application; includeInIndex = 0; path = "Redsoft. Initial contest..app"; sourceTree = BUILT_PRODUCTS_DIR; };
		B4130B1F25278FEF00AC9CD5 /* AppDelegate.swift */ = {isa = PBXFileReference; lastKnownFileType = sourcecode.swift; path = AppDelegate.swift; sourceTree = "<group>"; };
		B4130B2125278FEF00AC9CD5 /* SceneDelegate.swift */ = {isa = PBXFileReference; lastKnownFileType = sourcecode.swift; path = SceneDelegate.swift; sourceTree = "<group>"; };
		B4130B2325278FEF00AC9CD5 /* ContentView.swift */ = {isa = PBXFileReference; lastKnownFileType = sourcecode.swift; path = ContentView.swift; sourceTree = "<group>"; };
		B4130B2525278FF000AC9CD5 /* Assets.xcassets */ = {isa = PBXFileReference; lastKnownFileType = folder.assetcatalog; path = Assets.xcassets; sourceTree = "<group>"; };
		B4130B2825278FF000AC9CD5 /* Preview Assets.xcassets */ = {isa = PBXFileReference; lastKnownFileType = folder.assetcatalog; path = "Preview Assets.xcassets"; sourceTree = "<group>"; };
		B4130B2D25278FF000AC9CD5 /* Info.plist */ = {isa = PBXFileReference; lastKnownFileType = text.plist.xml; path = Info.plist; sourceTree = "<group>"; };
		B4130B37252790BC00AC9CD5 /* ru */ = {isa = PBXFileReference; lastKnownFileType = file.storyboard; name = ru; path = ru.lproj/LaunchScreen.storyboard; sourceTree = "<group>"; };
		B4130B452527936F00AC9CD5 /* JSONModel.swift */ = {isa = PBXFileReference; lastKnownFileType = sourcecode.swift; path = JSONModel.swift; sourceTree = "<group>"; };
		B4130B482527973E00AC9CD5 /* JSONViewModel.swift */ = {isa = PBXFileReference; lastKnownFileType = sourcecode.swift; path = JSONViewModel.swift; sourceTree = "<group>"; };
		B420C4482528E3CC003769DD /* ProductListView.swift */ = {isa = PBXFileReference; lastKnownFileType = sourcecode.swift; path = ProductListView.swift; sourceTree = "<group>"; };
		B420C44B2528E481003769DD /* ProductItemView.swift */ = {isa = PBXFileReference; lastKnownFileType = sourcecode.swift; path = ProductItemView.swift; sourceTree = "<group>"; };
		B497827A252A3B1A00DEA19A /* UrlImageView.swift */ = {isa = PBXFileReference; fileEncoding = 4; lastKnownFileType = sourcecode.swift; path = UrlImageView.swift; sourceTree = "<group>"; };
		B497827F252A4C0D00DEA19A /* SearchBarView.swift */ = {isa = PBXFileReference; lastKnownFileType = sourcecode.swift; path = SearchBarView.swift; sourceTree = "<group>"; };
		B4D461D72528EF9E002D2B03 /* UrlImageModel.swift */ = {isa = PBXFileReference; fileEncoding = 4; lastKnownFileType = sourcecode.swift; path = UrlImageModel.swift; sourceTree = "<group>"; };
/* End PBXFileReference section */

/* Begin PBXFrameworksBuildPhase section */
		B4130B1925278FEF00AC9CD5 /* Frameworks */ = {
			isa = PBXFrameworksBuildPhase;
			buildActionMask = 2147483647;
			files = (
			);
			runOnlyForDeploymentPostprocessing = 0;
		};
/* End PBXFrameworksBuildPhase section */

/* Begin PBXGroup section */
		B4130B1325278FEF00AC9CD5 = {
			isa = PBXGroup;
			children = (
				B4130B1E25278FEF00AC9CD5 /* Redsoft. Initial contest. */,
				B4130B1D25278FEF00AC9CD5 /* Products */,
			);
			sourceTree = "<group>";
		};
		B4130B1D25278FEF00AC9CD5 /* Products */ = {
			isa = PBXGroup;
			children = (
				B4130B1C25278FEF00AC9CD5 /* Redsoft. Initial contest..app */,
			);
			name = Products;
			sourceTree = "<group>";
		};
		B4130B1E25278FEF00AC9CD5 /* Redsoft. Initial contest. */ = {
			isa = PBXGroup;
			children = (
				B4130B3F2527927200AC9CD5 /* Configuration */,
				B4130B3E2527926000AC9CD5 /* Resource */,
				B4130B3D2527925000AC9CD5 /* App */,
				B4130B3A2527921900AC9CD5 /* View */,
				B4130B392527921200AC9CD5 /* ViewModel */,
				B4130B382527920700AC9CD5 /* Model */,
				B4130B2725278FF000AC9CD5 /* Preview Content */,
			);
			path = "Redsoft. Initial contest.";
			sourceTree = "<group>";
		};
		B4130B2725278FF000AC9CD5 /* Preview Content */ = {
			isa = PBXGroup;
			children = (
				B4130B2825278FF000AC9CD5 /* Preview Assets.xcassets */,
			);
			path = "Preview Content";
			sourceTree = "<group>";
		};
		B4130B382527920700AC9CD5 /* Model */ = {
			isa = PBXGroup;
			children = (
				B4130B452527936F00AC9CD5 /* JSONModel.swift */,
				5EDB4D8B252C685700339011 /* BasketModel.swift */,
			);
			path = Model;
			sourceTree = "<group>";
		};
		B4130B392527921200AC9CD5 /* ViewModel */ = {
			isa = PBXGroup;
			children = (
				B4D461D72528EF9E002D2B03 /* UrlImageModel.swift */,
				B4130B482527973E00AC9CD5 /* JSONViewModel.swift */,
				5EDB4D88252C66E400339011 /* BasketViewModel.swift */,
			);
			path = ViewModel;
			sourceTree = "<group>";
		};
		B4130B3A2527921900AC9CD5 /* View */ = {
			isa = PBXGroup;
			children = (
				B497827A252A3B1A00DEA19A /* UrlImageView.swift */,
				B4130B2325278FEF00AC9CD5 /* ContentView.swift */,
				B4130B3C2527923B00AC9CD5 /* DetailView */,
				B4130B3B2527923300AC9CD5 /* ListView */,
			);
			path = View;
			sourceTree = "<group>";
		};
		B4130B3B2527923300AC9CD5 /* ListView */ = {
			isa = PBXGroup;
			children = (
				B420C4482528E3CC003769DD /* ProductListView.swift */,
				B420C44B2528E481003769DD /* ProductItemView.swift */,
				5E09B395252F19BB009F8D2B /* BasketInListView.swift */,
				5E09B398252F2463009F8D2B /* BasketButtonView.swift */,
				B497827F252A4C0D00DEA19A /* SearchBarView.swift */,
			);
			path = ListView;
			sourceTree = "<group>";
		};
		B4130B3C2527923B00AC9CD5 /* DetailView */ = {
			isa = PBXGroup;
			children = (
				5E09B39B252F287C009F8D2B /* BasketDetailView.swift */,
				5E09B39E252F3D72009F8D2B /* ProductDetailView.swift */,
				5EF64F8E25306EA8000E8E8F /* BasketInDetailView.swift */,
			);
			path = DetailView;
			sourceTree = "<group>";
		};
		B4130B3D2527925000AC9CD5 /* App */ = {
			isa = PBXGroup;
			children = (
				B4130B1F25278FEF00AC9CD5 /* AppDelegate.swift */,
				B4130B2125278FEF00AC9CD5 /* SceneDelegate.swift */,
			);
			path = App;
			sourceTree = "<group>";
		};
		B4130B3E2527926000AC9CD5 /* Resource */ = {
			isa = PBXGroup;
			children = (
				B4130B2525278FF000AC9CD5 /* Assets.xcassets */,
				B4130B2A25278FF000AC9CD5 /* LaunchScreen.storyboard */,
			);
			path = Resource;
			sourceTree = "<group>";
		};
		B4130B3F2527927200AC9CD5 /* Configuration */ = {
			isa = PBXGroup;
			children = (
				B4130B2D25278FF000AC9CD5 /* Info.plist */,
			);
			path = Configuration;
			sourceTree = "<group>";
		};
/* End PBXGroup section */

/* Begin PBXNativeTarget section */
		B4130B1B25278FEF00AC9CD5 /* Redsoft. Initial contest. */ = {
			isa = PBXNativeTarget;
			buildConfigurationList = B4130B3025278FF000AC9CD5 /* Build configuration list for PBXNativeTarget "Redsoft. Initial contest." */;
			buildPhases = (
				B4130B1825278FEF00AC9CD5 /* Sources */,
				B4130B1925278FEF00AC9CD5 /* Frameworks */,
				B4130B1A25278FEF00AC9CD5 /* Resources */,
			);
			buildRules = (
			);
			dependencies = (
			);
			name = "Redsoft. Initial contest.";
			productName = "Redsoft. Initial contest.";
			productReference = B4130B1C25278FEF00AC9CD5 /* Redsoft. Initial contest..app */;
			productType = "com.apple.product-type.application";
		};
/* End PBXNativeTarget section */

/* Begin PBXProject section */
		B4130B1425278FEF00AC9CD5 /* Project object */ = {
			isa = PBXProject;
			attributes = {
				BuildIndependentTargetsInParallel = YES;
				LastSwiftUpdateCheck = 1200;
				LastUpgradeCheck = 1200;
				TargetAttributes = {
					B4130B1B25278FEF00AC9CD5 = {
						CreatedOnToolsVersion = 12.0.1;
					};
				};
			};
			buildConfigurationList = B4130B1725278FEF00AC9CD5 /* Build configuration list for PBXProject "Redsoft. Initial contest." */;
			compatibilityVersion = "Xcode 9.3";
			developmentRegion = ru;
			hasScannedForEncodings = 0;
			knownRegions = (
				ru,
				en,
			);
			mainGroup = B4130B1325278FEF00AC9CD5;
			productRefGroup = B4130B1D25278FEF00AC9CD5 /* Products */;
			projectDirPath = "";
			projectRoot = "";
			targets = (
				B4130B1B25278FEF00AC9CD5 /* Redsoft. Initial contest. */,
			);
		};
/* End PBXProject section */

/* Begin PBXResourcesBuildPhase section */
		B4130B1A25278FEF00AC9CD5 /* Resources */ = {
			isa = PBXResourcesBuildPhase;
			buildActionMask = 2147483647;
			files = (
				B4130B2C25278FF000AC9CD5 /* LaunchScreen.storyboard in Resources */,
				B4130B2925278FF000AC9CD5 /* Preview Assets.xcassets in Resources */,
				B4130B2625278FF000AC9CD5 /* Assets.xcassets in Resources */,
			);
			runOnlyForDeploymentPostprocessing = 0;
		};
/* End PBXResourcesBuildPhase section */

/* Begin PBXSourcesBuildPhase section */
		B4130B1825278FEF00AC9CD5 /* Sources */ = {
			isa = PBXSourcesBuildPhase;
			buildActionMask = 2147483647;
			files = (
				B4978280252A4C0D00DEA19A /* SearchBarView.swift in Sources */,
				5E09B39F252F3D72009F8D2B /* ProductDetailView.swift in Sources */,
				B420C4492528E3CC003769DD /* ProductListView.swift in Sources */,
				5E09B39C252F287C009F8D2B /* BasketDetailView.swift in Sources */,
				5EF64F8F25306EA8000E8E8F /* BasketInDetailView.swift in Sources */,
				B4130B2025278FEF00AC9CD5 /* AppDelegate.swift in Sources */,
				B497827B252A3B1A00DEA19A /* UrlImageView.swift in Sources */,
				B4130B492527973E00AC9CD5 /* JSONViewModel.swift in Sources */,
				B4130B462527936F00AC9CD5 /* JSONModel.swift in Sources */,
				5E09B399252F2464009F8D2B /* BasketButtonView.swift in Sources */,
				B420C44C2528E481003769DD /* ProductItemView.swift in Sources */,
				5EDB4D8C252C685700339011 /* BasketModel.swift in Sources */,
				B4D461D82528EF9E002D2B03 /* UrlImageModel.swift in Sources */,
				B4130B2225278FEF00AC9CD5 /* SceneDelegate.swift in Sources */,
				5EDB4D89252C66E400339011 /* BasketViewModel.swift in Sources */,
				5E09B396252F19BB009F8D2B /* BasketInListView.swift in Sources */,
				B4130B2425278FEF00AC9CD5 /* ContentView.swift in Sources */,
			);
			runOnlyForDeploymentPostprocessing = 0;
		};
/* End PBXSourcesBuildPhase section */

/* Begin PBXVariantGroup section */
		B4130B2A25278FF000AC9CD5 /* LaunchScreen.storyboard */ = {
			isa = PBXVariantGroup;
			children = (
				B4130B37252790BC00AC9CD5 /* ru */,
			);
			name = LaunchScreen.storyboard;
			sourceTree = "<group>";
		};
/* End PBXVariantGroup section */

/* Begin XCBuildConfiguration section */
		B4130B2E25278FF000AC9CD5 /* Debug */ = {
			isa = XCBuildConfiguration;
			buildSettings = {
				ALWAYS_SEARCH_USER_PATHS = NO;
				CLANG_ANALYZER_NONNULL = YES;
				CLANG_ANALYZER_NUMBER_OBJECT_CONVERSION = YES_AGGRESSIVE;
				CLANG_CXX_LANGUAGE_STANDARD = "gnu++14";
				CLANG_CXX_LIBRARY = "libc++";
				CLANG_ENABLE_MODULES = YES;
				CLANG_ENABLE_OBJC_ARC = YES;
				CLANG_ENABLE_OBJC_WEAK = YES;
				CLANG_WARN_BLOCK_CAPTURE_AUTORELEASING = YES;
				CLANG_WARN_BOOL_CONVERSION = YES;
				CLANG_WARN_COMMA = YES;
				CLANG_WARN_CONSTANT_CONVERSION = YES;
				CLANG_WARN_DEPRECATED_OBJC_IMPLEMENTATIONS = YES;
				CLANG_WARN_DIRECT_OBJC_ISA_USAGE = YES_ERROR;
				CLANG_WARN_DOCUMENTATION_COMMENTS = YES;
				CLANG_WARN_EMPTY_BODY = YES;
				CLANG_WARN_ENUM_CONVERSION = YES;
				CLANG_WARN_INFINITE_RECURSION = YES;
				CLANG_WARN_INT_CONVERSION = YES;
				CLANG_WARN_NON_LITERAL_NULL_CONVERSION = YES;
				CLANG_WARN_OBJC_IMPLICIT_RETAIN_SELF = YES;
				CLANG_WARN_OBJC_LITERAL_CONVERSION = YES;
				CLANG_WARN_OBJC_ROOT_CLASS = YES_ERROR;
				CLANG_WARN_QUOTED_INCLUDE_IN_FRAMEWORK_HEADER = YES;
				CLANG_WARN_RANGE_LOOP_ANALYSIS = YES;
				CLANG_WARN_STRICT_PROTOTYPES = YES;
				CLANG_WARN_SUSPICIOUS_MOVE = YES;
				CLANG_WARN_UNGUARDED_AVAILABILITY = YES_AGGRESSIVE;
				CLANG_WARN_UNREACHABLE_CODE = YES;
				CLANG_WARN__DUPLICATE_METHOD_MATCH = YES;
				COPY_PHASE_STRIP = NO;
				DEBUG_INFORMATION_FORMAT = dwarf;
				ENABLE_STRICT_OBJC_MSGSEND = YES;
				ENABLE_TESTABILITY = YES;
				GCC_C_LANGUAGE_STANDARD = gnu11;
				GCC_DYNAMIC_NO_PIC = NO;
				GCC_NO_COMMON_BLOCKS = YES;
				GCC_OPTIMIZATION_LEVEL = 0;
				GCC_PREPROCESSOR_DEFINITIONS = (
					"DEBUG=1",
					"$(inherited)",
				);
				GCC_WARN_64_TO_32_BIT_CONVERSION = YES;
				GCC_WARN_ABOUT_RETURN_TYPE = YES_ERROR;
				GCC_WARN_UNDECLARED_SELECTOR = YES;
				GCC_WARN_UNINITIALIZED_AUTOS = YES_AGGRESSIVE;
				GCC_WARN_UNUSED_FUNCTION = YES;
				GCC_WARN_UNUSED_VARIABLE = YES;
				IPHONEOS_DEPLOYMENT_TARGET = 13.0;
				MTL_ENABLE_DEBUG_INFO = INCLUDE_SOURCE;
				MTL_FAST_MATH = YES;
				ONLY_ACTIVE_ARCH = YES;
				SDKROOT = iphoneos;
				SWIFT_ACTIVE_COMPILATION_CONDITIONS = DEBUG;
				SWIFT_OPTIMIZATION_LEVEL = "-Onone";
			};
			name = Debug;
		};
		B4130B2F25278FF000AC9CD5 /* Release */ = {
			isa = XCBuildConfiguration;
			buildSettings = {
				ALWAYS_SEARCH_USER_PATHS = NO;
				CLANG_ANALYZER_NONNULL = YES;
				CLANG_ANALYZER_NUMBER_OBJECT_CONVERSION = YES_AGGRESSIVE;
				CLANG_CXX_LANGUAGE_STANDARD = "gnu++14";
				CLANG_CXX_LIBRARY = "libc++";
				CLANG_ENABLE_MODULES = YES;
				CLANG_ENABLE_OBJC_ARC = YES;
				CLANG_ENABLE_OBJC_WEAK = YES;
				CLANG_WARN_BLOCK_CAPTURE_AUTORELEASING = YES;
				CLANG_WARN_BOOL_CONVERSION = YES;
				CLANG_WARN_COMMA = YES;
				CLANG_WARN_CONSTANT_CONVERSION = YES;
				CLANG_WARN_DEPRECATED_OBJC_IMPLEMENTATIONS = YES;
				CLANG_WARN_DIRECT_OBJC_ISA_USAGE = YES_ERROR;
				CLANG_WARN_DOCUMENTATION_COMMENTS = YES;
				CLANG_WARN_EMPTY_BODY = YES;
				CLANG_WARN_ENUM_CONVERSION = YES;
				CLANG_WARN_INFINITE_RECURSION = YES;
				CLANG_WARN_INT_CONVERSION = YES;
				CLANG_WARN_NON_LITERAL_NULL_CONVERSION = YES;
				CLANG_WARN_OBJC_IMPLICIT_RETAIN_SELF = YES;
				CLANG_WARN_OBJC_LITERAL_CONVERSION = YES;
				CLANG_WARN_OBJC_ROOT_CLASS = YES_ERROR;
				CLANG_WARN_QUOTED_INCLUDE_IN_FRAMEWORK_HEADER = YES;
				CLANG_WARN_RANGE_LOOP_ANALYSIS = YES;
				CLANG_WARN_STRICT_PROTOTYPES = YES;
				CLANG_WARN_SUSPICIOUS_MOVE = YES;
				CLANG_WARN_UNGUARDED_AVAILABILITY = YES_AGGRESSIVE;
				CLANG_WARN_UNREACHABLE_CODE = YES;
				CLANG_WARN__DUPLICATE_METHOD_MATCH = YES;
				COPY_PHASE_STRIP = NO;
				DEBUG_INFORMATION_FORMAT = "dwarf-with-dsym";
				ENABLE_NS_ASSERTIONS = NO;
				ENABLE_STRICT_OBJC_MSGSEND = YES;
				GCC_C_LANGUAGE_STANDARD = gnu11;
				GCC_NO_COMMON_BLOCKS = YES;
				GCC_WARN_64_TO_32_BIT_CONVERSION = YES;
				GCC_WARN_ABOUT_RETURN_TYPE = YES_ERROR;
				GCC_WARN_UNDECLARED_SELECTOR = YES;
				GCC_WARN_UNINITIALIZED_AUTOS = YES_AGGRESSIVE;
				GCC_WARN_UNUSED_FUNCTION = YES;
				GCC_WARN_UNUSED_VARIABLE = YES;
				IPHONEOS_DEPLOYMENT_TARGET = 13.0;
				MTL_ENABLE_DEBUG_INFO = NO;
				MTL_FAST_MATH = YES;
				SDKROOT = iphoneos;
				SWIFT_COMPILATION_MODE = wholemodule;
				SWIFT_OPTIMIZATION_LEVEL = "-O";
				VALIDATE_PRODUCT = YES;
			};
			name = Release;
		};
		B4130B3125278FF000AC9CD5 /* Debug */ = {
			isa = XCBuildConfiguration;
			buildSettings = {
				ASSETCATALOG_COMPILER_APPICON_NAME = AppIcon;
				ASSETCATALOG_COMPILER_GLOBAL_ACCENT_COLOR_NAME = AccentColor;
				CODE_SIGN_STYLE = Automatic;
				DEVELOPMENT_ASSET_PATHS = "\"Redsoft. Initial contest./Preview Content\"";
				DEVELOPMENT_TEAM = 4BBYP7GDM3;
				ENABLE_PREVIEWS = YES;
				INFOPLIST_FILE = "Redsoft. Initial contest./Configuration/Info.plist";
				LD_RUNPATH_SEARCH_PATHS = (
					"$(inherited)",
					"@executable_path/Frameworks",
				);
				PRODUCT_BUNDLE_IDENTIFIER = "ru.roenko.Redsoft--Initial-contest-";
				PRODUCT_NAME = "$(TARGET_NAME)";
				SWIFT_VERSION = 5.0;
				TARGETED_DEVICE_FAMILY = 1;
			};
			name = Debug;
		};
		B4130B3225278FF000AC9CD5 /* Release */ = {
			isa = XCBuildConfiguration;
			buildSettings = {
				ASSETCATALOG_COMPILER_APPICON_NAME = AppIcon;
				ASSETCATALOG_COMPILER_GLOBAL_ACCENT_COLOR_NAME = AccentColor;
				CODE_SIGN_STYLE = Automatic;
				DEVELOPMENT_ASSET_PATHS = "\"Redsoft. Initial contest./Preview Content\"";
				DEVELOPMENT_TEAM = 4BBYP7GDM3;
				ENABLE_PREVIEWS = YES;
				INFOPLIST_FILE = "Redsoft. Initial contest./Info.plist";
				LD_RUNPATH_SEARCH_PATHS = (
					"$(inherited)",
					"@executable_path/Frameworks",
				);
				PRODUCT_BUNDLE_IDENTIFIER = "ru.roenko.Redsoft--Initial-contest-";
				PRODUCT_NAME = "$(TARGET_NAME)";
				SWIFT_VERSION = 5.0;
				TARGETED_DEVICE_FAMILY = 1;
			};
			name = Release;
		};
/* End XCBuildConfiguration section */

/* Begin XCConfigurationList section */
		B4130B1725278FEF00AC9CD5 /* Build configuration list for PBXProject "Redsoft. Initial contest." */ = {
			isa = XCConfigurationList;
			buildConfigurations = (
				B4130B2E25278FF000AC9CD5 /* Debug */,
				B4130B2F25278FF000AC9CD5 /* Release */,
			);
			defaultConfigurationIsVisible = 0;
			defaultConfigurationName = Release;
		};
		B4130B3025278FF000AC9CD5 /* Build configuration list for PBXNativeTarget "Redsoft. Initial contest." */ = {
			isa = XCConfigurationList;
			buildConfigurations = (
				B4130B3125278FF000AC9CD5 /* Debug */,
				B4130B3225278FF000AC9CD5 /* Release */,
			);
			defaultConfigurationIsVisible = 0;
			defaultConfigurationName = Release;
		};
/* End XCConfigurationList section */
	};
	rootObject = B4130B1425278FEF00AC9CD5 /* Project object */;
}
